
Microsoft Visual Studio Solution File, Format Version 12.00
# Visual Studio Version 16
VisualStudioVersion = 16.0.30517.126
MinimumVisualStudioVersion = 10.0.40219.1
Project("{FAE04EC0-301F-11D3-BF4B-00C04F79EFBC}") = "HuffmanAlgorythm", "HuffmanAlgorythm.csproj", "{813C06B3-3FF5-44EE-8B87-3E1929C74525}"
EndProject
Global
	GlobalSection(SolutionConfigurationPlatforms) = preSolution
		Debug|Any CPU = Debug|Any CPU
		Release|Any CPU = Release|Any CPU
	EndGlobalSection
	GlobalSection(ProjectConfigurationPlatforms) = postSolution
		{813C06B3-3FF5-44EE-8B87-3E1929C74525}.Debug|Any CPU.ActiveCfg = Debug|Any CPU
		{813C06B3-3FF5-44EE-8B87-3E1929C74525}.Debug|Any CPU.Build.0 = Debug|Any CPU
		{813C06B3-3FF5-44EE-8B87-3E1929C74525}.Release|Any CPU.ActiveCfg = Release|Any CPU
		{813C06B3-3FF5-44EE-8B87-3E1929C74525}.Release|Any CPU.Build.0 = Release|Any CPU
	EndGlobalSection
	GlobalSection(SolutionProperties) = preSolution
		HideSolutionNode = FALSE
	EndGlobalSection
	GlobalSection(ExtensibilityGlobals) = postSolution
		SolutionGuid = {480E05AD-16C1-45F6-A4BA-0E71F3BF7D73}
	EndGlobalSection
EndGlobal
